<?xml version="1.0" encoding="utf-8"?>
<Project ToolsVersion="4.0" xmlns="http://schemas.microsoft.com/developer/msbuild/2003">
  <ItemGroup>
    <Filter Include="Source">
      <UniqueIdentifier>{16bb4be9-8000-4436-9470-79fe25b3422f}</UniqueIdentifier>
    </Filter>
    <Filter Include="Source\Vulkan">
      <UniqueIdentifier>{d6da8484-c46b-444b-9a13-8c5471166e83}</UniqueIdentifier>
    </Filter>
    <Filter Include="Thirdparty">
      <UniqueIdentifier>{d0eb0fe7-efea-4404-9cb1-35e7005bfeed}</UniqueIdentifier>
    </Filter>
    <Filter Include="Thirdparty\volk">
      <UniqueIdentifier>{b2a0daa1-ab1e-4a6f-b5da-b5ee007806ac}</UniqueIdentifier>
    </Filter>
    <Filter Include="Shaders">
      <UniqueIdentifier>{3aedb9e0-a1b8-431c-8640-afa2f5db7726}</UniqueIdentifier>
    </Filter>
    <Filter Include="Source\Core">
      <UniqueIdentifier>{44b77777-6947-4955-a5b1-06c07f85d7c5}</UniqueIdentifier>
    </Filter>
    <Filter Include="Source\Audio">
      <UniqueIdentifier>{514622ad-4010-4498-9a40-a62459f8d5c6}</UniqueIdentifier>
    </Filter>
    <Filter Include="Source\Render">
      <UniqueIdentifier>{b1957f7a-bcb6-461d-b91b-fa6e06893a2c}</UniqueIdentifier>
    </Filter>
    <Filter Include="Source\Math">
      <UniqueIdentifier>{2f53f283-5cf6-497c-9824-e2c2c4dbc636}</UniqueIdentifier>
    </Filter>
    <Filter Include="Source\Asset">
      <UniqueIdentifier>{b63eea02-df7e-49b5-96b6-fd72f97b7a12}</UniqueIdentifier>
    </Filter>
  </ItemGroup>
  <ItemGroup>
    <ClCompile Include="..\Source\GameInstance.cpp">
      <Filter>Source</Filter>
    </ClCompile>
    <ClCompile Include="..\Source\main.cpp">
      <Filter>Source</Filter>
    </ClCompile>
    <ClCompile Include="..\Source\VK\CommandBuffer.cpp">
      <Filter>Source\Vulkan</Filter>
    </ClCompile>
    <ClCompile Include="..\Source\VK\CommandPool.cpp">
      <Filter>Source\Vulkan</Filter>
    </ClCompile>
    <ClCompile Include="..\Source\VK\Fence.cpp">
      <Filter>Source\Vulkan</Filter>
    </ClCompile>
    <ClCompile Include="..\Source\VK\Swapchain.cpp">
      <Filter>Source\Vulkan</Filter>
    </ClCompile>
    <ClCompile Include="..\Source\VK\VulkanContext.cpp">
      <Filter>Source\Vulkan</Filter>
    </ClCompile>
    <ClCompile Include="..\Source\VK\Semaphore.cpp">
      <Filter>Source\Vulkan</Filter>
    </ClCompile>
    <ClCompile Include="..\ThirdParty\volk\volk.c">
      <Filter>Thirdparty\volk</Filter>
    </ClCompile>
    <ClCompile Include="..\Source\VK\ShaderModule.cpp">
      <Filter>Source\Vulkan</Filter>
    </ClCompile>
    <ClCompile Include="..\Source\VK\Pipeline.cpp">
      <Filter>Source\Vulkan</Filter>
    </ClCompile>
    <ClCompile Include="..\Source\VK\PipelineBuilder.cpp">
      <Filter>Source\Vulkan</Filter>
    </ClCompile>
    <ClCompile Include="..\Source\VK\Texture.cpp">
      <Filter>Source\Vulkan</Filter>
    </ClCompile>
    <ClCompile Include="..\Source\VK\Buffer.cpp">
      <Filter>Source\Vulkan</Filter>
    </ClCompile>
    <ClCompile Include="..\Source\VK\LayoutCache.cpp">
      <Filter>Source\Vulkan</Filter>
    </ClCompile>
    <ClCompile Include="..\Source\VK\VulkanTypes.cpp">
      <Filter>Source\Vulkan</Filter>
    </ClCompile>
    <ClCompile Include="..\Source\Core\Context.cpp">
      <Filter>Source\Core</Filter>
    </ClCompile>
    <ClCompile Include="..\Source\Core\Core.cpp">
      <Filter>Source\Core</Filter>
    </ClCompile>
    <ClCompile Include="..\Source\Core\Window.cpp">
      <Filter>Source\Core</Filter>
    </ClCompile>
    <ClCompile Include="..\Source\Audio\AudioContext.cpp">
      <Filter>Source\Audio</Filter>
    </ClCompile>
    <ClCompile Include="..\Source\Render\Renderer.cpp">
      <Filter>Source\Render</Filter>
    </ClCompile>
    <ClCompile Include="..\Source\VK\DescriptorManager.cpp">
      <Filter>Source\Vulkan</Filter>
    </ClCompile>
    <ClCompile Include="..\Source\VK\CommandPoolManager.cpp">
      <Filter>Source\Vulkan</Filter>
    </ClCompile>
    <ClCompile Include="..\Source\VK\FrameTracker.cpp">
      <Filter>Source\Vulkan</Filter>
    </ClCompile>
    <ClCompile Include="..\Source\Asset\MeshAssets.cpp">
      <Filter>Source\Asset</Filter>
    </ClCompile>
    <ClCompile Include="..\Source\Asset\TextureAsset.cpp">
      <Filter>Source\Asset</Filter>
    </ClCompile>
    <ClCompile Include="..\Source\Asset\AssetConverter.cpp">
      <Filter>Source\Asset</Filter>
    </ClCompile>
    <ClCompile Include="..\Source\Asset\AssetCore.cpp">
      <Filter>Source\Asset</Filter>
    </ClCompile>
  </ItemGroup>
  <ItemGroup>
    <ClInclude Include="..\Source\GameInstance.h">
      <Filter>Source</Filter>
    </ClInclude>
    <ClInclude Include="..\ThirdParty\volk\volk.h">
      <Filter>Thirdparty\volk</Filter>
    </ClInclude>
    <ClInclude Include="..\Source\VK\CommandBuffer.h">
      <Filter>Source\Vulkan</Filter>
    </ClInclude>
    <ClInclude Include="..\Source\VK\CommandPool.h">
      <Filter>Source\Vulkan</Filter>
    </ClInclude>
    <ClInclude Include="..\Source\VK\Fence.h">
      <Filter>Source\Vulkan</Filter>
    </ClInclude>
    <ClInclude Include="..\Source\VK\Swapchain.h">
      <Filter>Source\Vulkan</Filter>
    </ClInclude>
    <ClInclude Include="..\Source\VK\VulkanContext.h">
      <Filter>Source\Vulkan</Filter>
    </ClInclude>
    <ClInclude Include="..\Source\VK\VulkanTypes.h">
      <Filter>Source\Vulkan</Filter>
    </ClInclude>
    <ClInclude Include="..\Source\VK\Semaphore.h">
      <Filter>Source\Vulkan</Filter>
    </ClInclude>
    <ClInclude Include="..\Source\VK\VulkanWrapper.hpp">
      <Filter>Source\Vulkan</Filter>
    </ClInclude>
    <ClInclude Include="..\Source\VK\ShaderModule.h">
      <Filter>Source\Vulkan</Filter>
    </ClInclude>
    <ClInclude Include="..\Source\VK\Pipeline.h">
      <Filter>Source\Vulkan</Filter>
    </ClInclude>
    <ClInclude Include="..\Source\VK\PipelineBuilder.h">
      <Filter>Source\Vulkan</Filter>
    </ClInclude>
    <ClInclude Include="..\Source\VK\Texture.h">
      <Filter>Source\Vulkan</Filter>
    </ClInclude>
    <ClInclude Include="..\Source\VK\Buffer.h">
      <Filter>Source\Vulkan</Filter>
    </ClInclude>
    <ClInclude Include="..\Source\VK\LayoutCache.h">
      <Filter>Source\Vulkan</Filter>
    </ClInclude>
    <ClInclude Include="..\Source\Core\Context.h">
      <Filter>Source\Core</Filter>
    </ClInclude>
    <ClInclude Include="..\Source\Core\Core.h">
      <Filter>Source\Core</Filter>
    </ClInclude>
    <ClInclude Include="..\Source\Core\Extent.h">
      <Filter>Source\Core</Filter>
    </ClInclude>
    <ClInclude Include="..\Source\Core\Pool.hpp">
      <Filter>Source\Core</Filter>
    </ClInclude>
    <ClInclude Include="..\Source\Core\TellusAssert.h">
      <Filter>Source\Core</Filter>
    </ClInclude>
    <ClInclude Include="..\Source\Core\Timer.h">
      <Filter>Source\Core</Filter>
    </ClInclude>
    <ClInclude Include="..\Source\Core\UniqueHandle.h">
      <Filter>Source\Core</Filter>
    </ClInclude>
    <ClInclude Include="..\Source\Core\Utils.h">
      <Filter>Source\Core</Filter>
    </ClInclude>
    <ClInclude Include="..\Source\Core\Window.h">
      <Filter>Source\Core</Filter>
    </ClInclude>
    <ClInclude Include="..\Source\Audio\AudioContext.h">
      <Filter>Source\Audio</Filter>
    </ClInclude>
    <ClInclude Include="..\Source\Math\MathUtils.h">
      <Filter>Source\Math</Filter>
    </ClInclude>
    <ClInclude Include="..\Source\Render\Renderer.h">
      <Filter>Source\Render</Filter>
    </ClInclude>
    <ClInclude Include="..\Source\VK\CommandPoolManager.h">
      <Filter>Source\Vulkan</Filter>
    </ClInclude>
    <ClInclude Include="..\Source\VK\DescriptorManager.h">
      <Filter>Source\Vulkan</Filter>
    </ClInclude>
    <ClInclude Include="..\Source\VK\FrameTracker.h">
      <Filter>Source\Vulkan</Filter>
    </ClInclude>
    <ClInclude Include="..\Source\Core\Types.h">
      <Filter>Source\Core</Filter>
    </ClInclude>
    <ClInclude Include="..\Source\Asset\AssetCore.h">
      <Filter>Source\Asset</Filter>
    </ClInclude>
    <ClInclude Include="..\Source\Asset\MeshAsset.h">
      <Filter>Source\Asset</Filter>
    </ClInclude>
    <ClInclude Include="..\Source\Asset\TextureAsset.h">
      <Filter>Source\Asset</Filter>
    </ClInclude>
    <ClInclude Include="..\Source\Asset\AssetConverter.h">
      <Filter>Source\Asset</Filter>
    </ClInclude>
  </ItemGroup>
  <ItemGroup>
    <None Include="..\Assets\Shaders\tri.frag">
      <Filter>Shaders</Filter>
    </None>
    <None Include="..\Assets\Shaders\tri.vert">
      <Filter>Shaders</Filter>
    </None>
  </ItemGroup>
</Project>