<?xml version="1.0" encoding="utf-8"?>
<Project ToolsVersion="4.0" xmlns="http://schemas.microsoft.com/developer/msbuild/2003">
  <ItemGroup>
    <Filter Include="Source">
      <UniqueIdentifier>{16bb4be9-8000-4436-9470-79fe25b3422f}</UniqueIdentifier>
    </Filter>
  </ItemGroup>
  <ItemGroup>
    <ClCompile Include="..\Source\Core.cpp">
      <Filter>Source</Filter>
    </ClCompile>
    <ClCompile Include="..\Source\Instance.cpp">
      <Filter>Source</Filter>
    </ClCompile>
    <ClCompile Include="..\Source\GameInstance.cpp">
      <Filter>Source</Filter>
    </ClCompile>
    <ClCompile Include="..\Source\Window.cpp">
      <Filter>Source</Filter>
    </ClCompile>
    <ClCompile Include="..\Source\main.cpp">
      <Filter>Source</Filter>
    </ClCompile>
  </ItemGroup>
  <ItemGroup>
    <ClInclude Include="..\Source\Core.h">
      <Filter>Source</Filter>
    </ClInclude>
    <ClInclude Include="..\Source\Instance.h">
      <Filter>Source</Filter>
    </ClInclude>
    <ClInclude Include="..\Source\GameInstance.h">
      <Filter>Source</Filter>
    </ClInclude>
    <ClInclude Include="..\Source\Window.h">
      <Filter>Source</Filter>
    </ClInclude>
    <ClInclude Include="..\Source\Extent.h">
      <Filter>Source</Filter>
    </ClInclude>
    <ClInclude Include="..\Source\TellusAssert.h">
      <Filter>Source</Filter>
    </ClInclude>
    <ClInclude Include="..\Source\Timer.h">
      <Filter>Source</Filter>
    </ClInclude>
    <ClInclude Include="..\Source\ECS.h">
      <Filter>Source</Filter>
    </ClInclude>
  </ItemGroup>
</Project>