<?xml version="1.0" encoding="utf-8"?>
<Project ToolsVersion="4.0" xmlns="http://schemas.microsoft.com/developer/msbuild/2003">
  <ItemGroup>
    <Filter Include="Source">
      <UniqueIdentifier>{16bb4be9-8000-4436-9470-79fe25b3422f}</UniqueIdentifier>
    </Filter>
    <Filter Include="Source\Vulkan">
      <UniqueIdentifier>{d6da8484-c46b-444b-9a13-8c5471166e83}</UniqueIdentifier>
    </Filter>
    <Filter Include="Thirdparty">
      <UniqueIdentifier>{d0eb0fe7-efea-4404-9cb1-35e7005bfeed}</UniqueIdentifier>
    </Filter>
    <Filter Include="Thirdparty\volk">
      <UniqueIdentifier>{b2a0daa1-ab1e-4a6f-b5da-b5ee007806ac}</UniqueIdentifier>
    </Filter>
    <Filter Include="Shaders">
      <UniqueIdentifier>{3aedb9e0-a1b8-431c-8640-afa2f5db7726}</UniqueIdentifier>
    </Filter>
  </ItemGroup>
  <ItemGroup>
    <ClCompile Include="..\Source\Core.cpp">
      <Filter>Source</Filter>
    </ClCompile>
    <ClCompile Include="..\Source\Instance.cpp">
      <Filter>Source</Filter>
    </ClCompile>
    <ClCompile Include="..\Source\GameInstance.cpp">
      <Filter>Source</Filter>
    </ClCompile>
    <ClCompile Include="..\Source\Window.cpp">
      <Filter>Source</Filter>
    </ClCompile>
    <ClCompile Include="..\Source\main.cpp">
      <Filter>Source</Filter>
    </ClCompile>
    <ClCompile Include="..\Source\VK\CommandBuffer.cpp">
      <Filter>Source\Vulkan</Filter>
    </ClCompile>
    <ClCompile Include="..\Source\VK\CommandPool.cpp">
      <Filter>Source\Vulkan</Filter>
    </ClCompile>
    <ClCompile Include="..\Source\VK\Fence.cpp">
      <Filter>Source\Vulkan</Filter>
    </ClCompile>
    <ClCompile Include="..\Source\VK\Swapchain.cpp">
      <Filter>Source\Vulkan</Filter>
    </ClCompile>
    <ClCompile Include="..\Source\VK\VulkanInstance.cpp">
      <Filter>Source\Vulkan</Filter>
    </ClCompile>
    <ClCompile Include="..\Source\Renderer.cpp">
      <Filter>Source</Filter>
    </ClCompile>
    <ClCompile Include="..\Source\VK\Semaphore.cpp">
      <Filter>Source\Vulkan</Filter>
    </ClCompile>
    <ClCompile Include="..\ThirdParty\volk\volk.c">
      <Filter>Thirdparty\volk</Filter>
    </ClCompile>
    <ClCompile Include="..\Source\VK\ShaderModule.cpp">
      <Filter>Source\Vulkan</Filter>
    </ClCompile>
  </ItemGroup>
  <ItemGroup>
    <ClInclude Include="..\Source\Core.h">
      <Filter>Source</Filter>
    </ClInclude>
    <ClInclude Include="..\Source\Instance.h">
      <Filter>Source</Filter>
    </ClInclude>
    <ClInclude Include="..\Source\GameInstance.h">
      <Filter>Source</Filter>
    </ClInclude>
    <ClInclude Include="..\Source\Window.h">
      <Filter>Source</Filter>
    </ClInclude>
    <ClInclude Include="..\Source\Extent.h">
      <Filter>Source</Filter>
    </ClInclude>
    <ClInclude Include="..\Source\TellusAssert.h">
      <Filter>Source</Filter>
    </ClInclude>
    <ClInclude Include="..\Source\Timer.h">
      <Filter>Source</Filter>
    </ClInclude>
    <ClInclude Include="..\Source\ECS.h">
      <Filter>Source</Filter>
    </ClInclude>
    <ClInclude Include="..\ThirdParty\volk\volk.h">
      <Filter>Thirdparty\volk</Filter>
    </ClInclude>
    <ClInclude Include="..\Source\NamedType.h">
      <Filter>Source</Filter>
    </ClInclude>
    <ClInclude Include="..\Source\VK\CommandBuffer.h">
      <Filter>Source\Vulkan</Filter>
    </ClInclude>
    <ClInclude Include="..\Source\VK\CommandPool.h">
      <Filter>Source\Vulkan</Filter>
    </ClInclude>
    <ClInclude Include="..\Source\VK\Fence.h">
      <Filter>Source\Vulkan</Filter>
    </ClInclude>
    <ClInclude Include="..\Source\VK\Swapchain.h">
      <Filter>Source\Vulkan</Filter>
    </ClInclude>
    <ClInclude Include="..\Source\VK\VulkanInstance.h">
      <Filter>Source\Vulkan</Filter>
    </ClInclude>
    <ClInclude Include="..\Source\VK\VulkanTypes.h">
      <Filter>Source\Vulkan</Filter>
    </ClInclude>
    <ClInclude Include="..\Source\Renderer.h">
      <Filter>Source</Filter>
    </ClInclude>
    <ClInclude Include="..\Source\VK\Semaphore.h">
      <Filter>Source\Vulkan</Filter>
    </ClInclude>
    <ClInclude Include="..\Source\VK\VulkanWrapper.hpp">
      <Filter>Source\Vulkan</Filter>
    </ClInclude>
    <ClInclude Include="..\Source\Pool.hpp">
      <Filter>Source</Filter>
    </ClInclude>
    <ClInclude Include="..\Source\VK\ShaderModule.h">
      <Filter>Source\Vulkan</Filter>
    </ClInclude>
  </ItemGroup>
  <ItemGroup>
    <None Include="..\Assets\Shaders\tri.frag">
      <Filter>Shaders</Filter>
    </None>
    <None Include="..\Assets\Shaders\tri.vert">
      <Filter>Shaders</Filter>
    </None>
  </ItemGroup>
</Project>